
Microsoft Visual Studio Solution File, Format Version 12.00
# Visual Studio Version 17
VisualStudioVersion = 17.1.32210.238
MinimumVisualStudioVersion = 10.0.40219.1
Project("{8BC9CEB8-8B4A-11D0-8D11-00A0C91BC942}") = "TalimanOverHere", "TalimanOverHere\TalimanOverHere.vcxproj", "{92711F08-3B80-4AE0-91EB-7BD3EC644EFD}"
EndProject
Global
	GlobalSection(SolutionConfigurationPlatforms) = preSolution
		Debug|x64 = Debug|x64
		Debug|x86 = Debug|x86
		Release|x64 = Release|x64
		Release|x86 = Release|x86
	EndGlobalSection
	GlobalSection(ProjectConfigurationPlatforms) = postSolution
		{92711F08-3B80-4AE0-91EB-7BD3EC644EFD}.Debug|x64.ActiveCfg = Debug|x64
		{92711F08-3B80-4AE0-91EB-7BD3EC644EFD}.Debug|x64.Build.0 = Debug|x64
		{92711F08-3B80-4AE0-91EB-7BD3EC644EFD}.Debug|x86.ActiveCfg = Debug|Win32
		{92711F08-3B80-4AE0-91EB-7BD3EC644EFD}.Debug|x86.Build.0 = Debug|Win32
		{92711F08-3B80-4AE0-91EB-7BD3EC644EFD}.Release|x64.ActiveCfg = Release|x64
		{92711F08-3B80-4AE0-91EB-7BD3EC644EFD}.Release|x64.Build.0 = Release|x64
		{92711F08-3B80-4AE0-91EB-7BD3EC644EFD}.Release|x86.ActiveCfg = Release|Win32
		{92711F08-3B80-4AE0-91EB-7BD3EC644EFD}.Release|x86.Build.0 = Release|Win32
	EndGlobalSection
	GlobalSection(SolutionProperties) = preSolution
		HideSolutionNode = FALSE
	EndGlobalSection
	GlobalSection(ExtensibilityGlobals) = postSolution
		SolutionGuid = {892D551C-016B-49B0-B6DD-75238AF31EEB}
	EndGlobalSection
EndGlobal
